
Microsoft Visual Studio Solution File, Format Version 12.00
# Visual Studio Version 17
VisualStudioVersion = 17.14.36518.9
MinimumVisualStudioVersion = 10.0.40219.1
Project("{FAE04EC0-301F-11D3-BF4B-00C04F79EFBC}") = "Tyuiu.KuznetzovAS.Sprint0", "Tyuiu.KuznetzovAS.Sprint0\Tyuiu.KuznetzovAS.Sprint0.csproj", "{6A3E0910-55B5-4C34-8C26-CF04A0442259}"
EndProject
Project("{FAE04EC0-301F-11D3-BF4B-00C04F79EFBC}") = "Tyuiu.KuznetzovAS.Sprint0.Task0.V0", "Task0\Tyuiu.KuznetzovAS.Sprint0.Task0.V0\Tyuiu.KuznetzovAS.Sprint0.Task0.V0.csproj", "{A9EF01AC-368E-4687-8C4A-BE5DE93A85A6}"
EndProject
Project("{FAE04EC0-301F-11D3-BF4B-00C04F79EFBC}") = "Tyuiu.KuzntzovAS.Sprint0.Task1.V0", "Task1\Tyuiu.KuzntzovAS.Sprint0.Task1.V0\Tyuiu.KuzntzovAS.Sprint0.Task1.V0.csproj", "{C0A7F549-1F89-4EE4-B47B-21C027BEA5BC}"
EndProject
Project("{FAE04EC0-301F-11D3-BF4B-00C04F79EFBC}") = "Tyuiu.KuzntzovAS.Sprint0.Task2.V0", "Task2\Tyuiu.KuzntzovAS.Sprint0.Task2.V0\Tyuiu.KuzntzovAS.Sprint0.Task2.V0.csproj", "{DD05452C-CEC1-4927-974F-CB9411EF6C03}"
EndProject
Project("{FAE04EC0-301F-11D3-BF4B-00C04F79EFBC}") = "Tyuiu.KuzntzovAS.Sprint0.Task2.V0.Lib", "Task2\Tyuiu.KuzntzovAS.Sprint0.Task2.V0.Lib\Tyuiu.KuzntzovAS.Sprint0.Task2.V0.Lib.csproj", "{4C384F46-4DF1-4F14-91A1-424C7047F3BC}"
EndProject
Project("{FAE04EC0-301F-11D3-BF4B-00C04F79EFBC}") = "Tyuiu.KuznetzovAS.Sprint0.Task2.V0.Test", "Tyuiu.KuznetzovAS.Sprint0.Task2.V0.Test\Tyuiu.KuznetzovAS.Sprint0.Task2.V0.Test.csproj", "{5E85A883-B401-4712-BD4F-B06B917B420E}"
EndProject
Project("{2150E333-8FDC-42A3-9474-1A3956D46DE8}") = "Task3", "Task3", "{36D591C7-65C7-A0D1-1CBC-10CDE441BDC8}"
EndProject
Project("{FAE04EC0-301F-11D3-BF4B-00C04F79EFBC}") = "Tyuiu.KuzntzovAS.Sprint0.Task3.V0", "Tyuiu.KuzntzovAS.Sprint0.Task3.V0\Tyuiu.KuzntzovAS.Sprint0.Task3.V0.csproj", "{AA370A3B-3035-4A6F-87F6-C699DED7B101}"
EndProject
Project("{FAE04EC0-301F-11D3-BF4B-00C04F79EFBC}") = "Tyuiu.KuznetzovAS.Sprint0.Task3.V0.Lib", "Tyuiu.KuznetzovAS.Sprint0.Task3.V0.Lib\Tyuiu.KuznetzovAS.Sprint0.Task3.V0.Lib.csproj", "{3B95263A-177B-4090-BBE8-B6934B2821A6}"
EndProject
Project("{FAE04EC0-301F-11D3-BF4B-00C04F79EFBC}") = "Tyuiu.KuznetzovAS.Sprint0.Task3.V0.Test", "Tyuiu.KuznetzovAS.Sprint0.Task3.V0.Test\Tyuiu.KuznetzovAS.Sprint0.Task3.V0.Test.csproj", "{6C1C4D55-5F8E-4906-BFF6-3DCD775D98C8}"
EndProject
Project("{2150E333-8FDC-42A3-9474-1A3956D46DE8}") = "Task4", "Task4", "{768AFC40-D8B9-4F7D-B4DF-D41DC76E7ADE}"
EndProject
Project("{FAE04EC0-301F-11D3-BF4B-00C04F79EFBC}") = "Tyuiu.KuznetzovAS.Sprint0.Task4.V0", "Tyuiu.KuznetzovAS.Sprint0.Task4.V0\Tyuiu.KuznetzovAS.Sprint0.Task4.V0.csproj", "{FD9F64C0-0234-4D76-8F46-4BB5819F084F}"
EndProject
Project("{FAE04EC0-301F-11D3-BF4B-00C04F79EFBC}") = "Tyuiu.KuznetzovAS.Sprint0.Task4.V0.Test", "Tyuiu.KuznetzovAS.Sprint0.Task4.V0.Test\Tyuiu.KuznetzovAS.Sprint0.Task4.V0.Test.csproj", "{FC7BB63D-6969-47F9-B38C-55F04026793F}"
EndProject
Project("{FAE04EC0-301F-11D3-BF4B-00C04F79EFBC}") = "Tyuiu.KuznetzovAS.Sprint0.Task4.V0.Lib", "Tyuiu.KuznetzovAS.Sprint0.Task4.V0.Lib\Tyuiu.KuznetzovAS.Sprint0.Task4.V0.Lib.csproj", "{4E91F39C-7967-4883-B680-1D0DC50C60F2}"
EndProject
Global
	GlobalSection(SolutionConfigurationPlatforms) = preSolution
		Debug|Any CPU = Debug|Any CPU
		Release|Any CPU = Release|Any CPU
	EndGlobalSection
	GlobalSection(ProjectConfigurationPlatforms) = postSolution
		{6A3E0910-55B5-4C34-8C26-CF04A0442259}.Debug|Any CPU.ActiveCfg = Debug|Any CPU
		{6A3E0910-55B5-4C34-8C26-CF04A0442259}.Debug|Any CPU.Build.0 = Debug|Any CPU
		{6A3E0910-55B5-4C34-8C26-CF04A0442259}.Release|Any CPU.ActiveCfg = Release|Any CPU
		{6A3E0910-55B5-4C34-8C26-CF04A0442259}.Release|Any CPU.Build.0 = Release|Any CPU
		{A9EF01AC-368E-4687-8C4A-BE5DE93A85A6}.Debug|Any CPU.ActiveCfg = Debug|Any CPU
		{A9EF01AC-368E-4687-8C4A-BE5DE93A85A6}.Debug|Any CPU.Build.0 = Debug|Any CPU
		{A9EF01AC-368E-4687-8C4A-BE5DE93A85A6}.Release|Any CPU.ActiveCfg = Release|Any CPU
		{A9EF01AC-368E-4687-8C4A-BE5DE93A85A6}.Release|Any CPU.Build.0 = Release|Any CPU
		{C0A7F549-1F89-4EE4-B47B-21C027BEA5BC}.Debug|Any CPU.ActiveCfg = Debug|Any CPU
		{C0A7F549-1F89-4EE4-B47B-21C027BEA5BC}.Debug|Any CPU.Build.0 = Debug|Any CPU
		{C0A7F549-1F89-4EE4-B47B-21C027BEA5BC}.Release|Any CPU.ActiveCfg = Release|Any CPU
		{C0A7F549-1F89-4EE4-B47B-21C027BEA5BC}.Release|Any CPU.Build.0 = Release|Any CPU
		{DD05452C-CEC1-4927-974F-CB9411EF6C03}.Debug|Any CPU.ActiveCfg = Debug|Any CPU
		{DD05452C-CEC1-4927-974F-CB9411EF6C03}.Debug|Any CPU.Build.0 = Debug|Any CPU
		{DD05452C-CEC1-4927-974F-CB9411EF6C03}.Release|Any CPU.ActiveCfg = Release|Any CPU
		{DD05452C-CEC1-4927-974F-CB9411EF6C03}.Release|Any CPU.Build.0 = Release|Any CPU
		{4C384F46-4DF1-4F14-91A1-424C7047F3BC}.Debug|Any CPU.ActiveCfg = Debug|Any CPU
		{4C384F46-4DF1-4F14-91A1-424C7047F3BC}.Debug|Any CPU.Build.0 = Debug|Any CPU
		{4C384F46-4DF1-4F14-91A1-424C7047F3BC}.Release|Any CPU.ActiveCfg = Release|Any CPU
		{4C384F46-4DF1-4F14-91A1-424C7047F3BC}.Release|Any CPU.Build.0 = Release|Any CPU
		{5E85A883-B401-4712-BD4F-B06B917B420E}.Debug|Any CPU.ActiveCfg = Debug|Any CPU
		{5E85A883-B401-4712-BD4F-B06B917B420E}.Debug|Any CPU.Build.0 = Debug|Any CPU
		{5E85A883-B401-4712-BD4F-B06B917B420E}.Release|Any CPU.ActiveCfg = Release|Any CPU
		{5E85A883-B401-4712-BD4F-B06B917B420E}.Release|Any CPU.Build.0 = Release|Any CPU
		{AA370A3B-3035-4A6F-87F6-C699DED7B101}.Debug|Any CPU.ActiveCfg = Debug|Any CPU
		{AA370A3B-3035-4A6F-87F6-C699DED7B101}.Debug|Any CPU.Build.0 = Debug|Any CPU
		{AA370A3B-3035-4A6F-87F6-C699DED7B101}.Release|Any CPU.ActiveCfg = Release|Any CPU
		{AA370A3B-3035-4A6F-87F6-C699DED7B101}.Release|Any CPU.Build.0 = Release|Any CPU
		{3B95263A-177B-4090-BBE8-B6934B2821A6}.Debug|Any CPU.ActiveCfg = Debug|Any CPU
		{3B95263A-177B-4090-BBE8-B6934B2821A6}.Debug|Any CPU.Build.0 = Debug|Any CPU
		{3B95263A-177B-4090-BBE8-B6934B2821A6}.Release|Any CPU.ActiveCfg = Release|Any CPU
		{3B95263A-177B-4090-BBE8-B6934B2821A6}.Release|Any CPU.Build.0 = Release|Any CPU
		{6C1C4D55-5F8E-4906-BFF6-3DCD775D98C8}.Debug|Any CPU.ActiveCfg = Debug|Any CPU
		{6C1C4D55-5F8E-4906-BFF6-3DCD775D98C8}.Debug|Any CPU.Build.0 = Debug|Any CPU
		{6C1C4D55-5F8E-4906-BFF6-3DCD775D98C8}.Release|Any CPU.ActiveCfg = Release|Any CPU
		{6C1C4D55-5F8E-4906-BFF6-3DCD775D98C8}.Release|Any CPU.Build.0 = Release|Any CPU
		{FD9F64C0-0234-4D76-8F46-4BB5819F084F}.Debug|Any CPU.ActiveCfg = Debug|Any CPU
		{FD9F64C0-0234-4D76-8F46-4BB5819F084F}.Debug|Any CPU.Build.0 = Debug|Any CPU
		{FD9F64C0-0234-4D76-8F46-4BB5819F084F}.Release|Any CPU.ActiveCfg = Release|Any CPU
		{FD9F64C0-0234-4D76-8F46-4BB5819F084F}.Release|Any CPU.Build.0 = Release|Any CPU
		{FC7BB63D-6969-47F9-B38C-55F04026793F}.Debug|Any CPU.ActiveCfg = Debug|Any CPU
		{FC7BB63D-6969-47F9-B38C-55F04026793F}.Debug|Any CPU.Build.0 = Debug|Any CPU
		{FC7BB63D-6969-47F9-B38C-55F04026793F}.Release|Any CPU.ActiveCfg = Release|Any CPU
		{FC7BB63D-6969-47F9-B38C-55F04026793F}.Release|Any CPU.Build.0 = Release|Any CPU
		{4E91F39C-7967-4883-B680-1D0DC50C60F2}.Debug|Any CPU.ActiveCfg = Debug|Any CPU
		{4E91F39C-7967-4883-B680-1D0DC50C60F2}.Debug|Any CPU.Build.0 = Debug|Any CPU
		{4E91F39C-7967-4883-B680-1D0DC50C60F2}.Release|Any CPU.ActiveCfg = Release|Any CPU
		{4E91F39C-7967-4883-B680-1D0DC50C60F2}.Release|Any CPU.Build.0 = Release|Any CPU
	EndGlobalSection
	GlobalSection(SolutionProperties) = preSolution
		HideSolutionNode = FALSE
	EndGlobalSection
	GlobalSection(NestedProjects) = preSolution
		{AA370A3B-3035-4A6F-87F6-C699DED7B101} = {36D591C7-65C7-A0D1-1CBC-10CDE441BDC8}
		{3B95263A-177B-4090-BBE8-B6934B2821A6} = {36D591C7-65C7-A0D1-1CBC-10CDE441BDC8}
		{6C1C4D55-5F8E-4906-BFF6-3DCD775D98C8} = {36D591C7-65C7-A0D1-1CBC-10CDE441BDC8}
		{FD9F64C0-0234-4D76-8F46-4BB5819F084F} = {768AFC40-D8B9-4F7D-B4DF-D41DC76E7ADE}
		{FC7BB63D-6969-47F9-B38C-55F04026793F} = {768AFC40-D8B9-4F7D-B4DF-D41DC76E7ADE}
		{4E91F39C-7967-4883-B680-1D0DC50C60F2} = {768AFC40-D8B9-4F7D-B4DF-D41DC76E7ADE}
	EndGlobalSection
	GlobalSection(ExtensibilityGlobals) = postSolution
		SolutionGuid = {0A43F96B-A037-4BE0-8BC1-44300AD2A1E4}
	EndGlobalSection
EndGlobal
